lockfileVersion: '9.0'

settings:
  autoInstallPeers: true
  excludeLinksFromLockfile: false

importers:

  .:
    dependencies:
      '@rs4j/hljs':
        specifier: link:..
        version: link:..
      highlight.js:
        specifier: ^11.10.0
        version: 11.10.0
    devDependencies:
      sass-embedded:
        specifier: ^1.79.3
        version: 1.79.3
      typescript:
        specifier: ^5.5.3
        version: 5.6.2
      vite:
        specifier: ^5.4.1
        version: 5.4.7(sass-embedded@1.79.3)

packages:

  '@bufbuild/protobuf@2.1.0':
    resolution: {integrity: sha512-+2Mx67Y3skJ4NCD/qNSdBJNWtu6x6Qr53jeNg+QcwiL6mt0wK+3jwHH2x1p7xaYH6Ve2JKOVn0OxU35WsmqI9A==}

  '@esbuild/aix-ppc64@0.21.5':
    resolution: {integrity: sha512-1SDgH6ZSPTlggy1yI6+Dbkiz8xzpHJEVAlF/AM1tHPLsf5STom9rwtjE4hKAF20FfXXNTFqEYXyJNWh1GiZedQ==}
    engines: {node: '>=12'}
    cpu: [ppc64]
    os: [aix]

  '@esbuild/android-arm64@0.21.5':
    resolution: {integrity: sha512-c0uX9VAUBQ7dTDCjq+wdyGLowMdtR/GoC2U5IYk/7D1H1JYC0qseD7+11iMP2mRLN9RcCMRcjC4YMclCzGwS/A==}
    engines: {node: '>=12'}
    cpu: [arm64]
    os: [android]

  '@esbuild/android-arm@0.21.5':
    resolution: {integrity: sha512-vCPvzSjpPHEi1siZdlvAlsPxXl7WbOVUBBAowWug4rJHb68Ox8KualB+1ocNvT5fjv6wpkX6o/iEpbDrf68zcg==}
    engines: {node: '>=12'}
    cpu: [arm]
    os: [android]

  '@esbuild/android-x64@0.21.5':
    resolution: {integrity: sha512-D7aPRUUNHRBwHxzxRvp856rjUHRFW1SdQATKXH2hqA0kAZb1hKmi02OpYRacl0TxIGz/ZmXWlbZgjwWYaCakTA==}
    engines: {node: '>=12'}
    cpu: [x64]
    os: [android]

  '@esbuild/darwin-arm64@0.21.5':
    resolution: {integrity: sha512-DwqXqZyuk5AiWWf3UfLiRDJ5EDd49zg6O9wclZ7kUMv2WRFr4HKjXp/5t8JZ11QbQfUS6/cRCKGwYhtNAY88kQ==}
    engines: {node: '>=12'}
    cpu: [arm64]
    os: [darwin]

  '@esbuild/darwin-x64@0.21.5':
    resolution: {integrity: sha512-se/JjF8NlmKVG4kNIuyWMV/22ZaerB+qaSi5MdrXtd6R08kvs2qCN4C09miupktDitvh8jRFflwGFBQcxZRjbw==}
    engines: {node: '>=12'}
    cpu: [x64]
    os: [darwin]

  '@esbuild/freebsd-arm64@0.21.5':
    resolution: {integrity: sha512-5JcRxxRDUJLX8JXp/wcBCy3pENnCgBR9bN6JsY4OmhfUtIHe3ZW0mawA7+RDAcMLrMIZaf03NlQiX9DGyB8h4g==}
    engines: {node: '>=12'}
    cpu: [arm64]
    os: [freebsd]

  '@esbuild/freebsd-x64@0.21.5':
    resolution: {integrity: sha512-J95kNBj1zkbMXtHVH29bBriQygMXqoVQOQYA+ISs0/2l3T9/kj42ow2mpqerRBxDJnmkUDCaQT/dfNXWX/ZZCQ==}
    engines: {node: '>=12'}
    cpu: [x64]
    os: [freebsd]

  '@esbuild/linux-arm64@0.21.5':
    resolution: {integrity: sha512-ibKvmyYzKsBeX8d8I7MH/TMfWDXBF3db4qM6sy+7re0YXya+K1cem3on9XgdT2EQGMu4hQyZhan7TeQ8XkGp4Q==}
    engines: {node: '>=12'}
    cpu: [arm64]
    os: [linux]

  '@esbuild/linux-arm@0.21.5':
    resolution: {integrity: sha512-bPb5AHZtbeNGjCKVZ9UGqGwo8EUu4cLq68E95A53KlxAPRmUyYv2D6F0uUI65XisGOL1hBP5mTronbgo+0bFcA==}
    engines: {node: '>=12'}
    cpu: [arm]
    os: [linux]

  '@esbuild/linux-ia32@0.21.5':
    resolution: {integrity: sha512-YvjXDqLRqPDl2dvRODYmmhz4rPeVKYvppfGYKSNGdyZkA01046pLWyRKKI3ax8fbJoK5QbxblURkwK/MWY18Tg==}
    engines: {node: '>=12'}
    cpu: [ia32]
    os: [linux]

  '@esbuild/linux-loong64@0.21.5':
    resolution: {integrity: sha512-uHf1BmMG8qEvzdrzAqg2SIG/02+4/DHB6a9Kbya0XDvwDEKCoC8ZRWI5JJvNdUjtciBGFQ5PuBlpEOXQj+JQSg==}
    engines: {node: '>=12'}
    cpu: [loong64]
    os: [linux]

  '@esbuild/linux-mips64el@0.21.5':
    resolution: {integrity: sha512-IajOmO+KJK23bj52dFSNCMsz1QP1DqM6cwLUv3W1QwyxkyIWecfafnI555fvSGqEKwjMXVLokcV5ygHW5b3Jbg==}
    engines: {node: '>=12'}
    cpu: [mips64el]
    os: [linux]

  '@esbuild/linux-ppc64@0.21.5':
    resolution: {integrity: sha512-1hHV/Z4OEfMwpLO8rp7CvlhBDnjsC3CttJXIhBi+5Aj5r+MBvy4egg7wCbe//hSsT+RvDAG7s81tAvpL2XAE4w==}
    engines: {node: '>=12'}
    cpu: [ppc64]
    os: [linux]

  '@esbuild/linux-riscv64@0.21.5':
    resolution: {integrity: sha512-2HdXDMd9GMgTGrPWnJzP2ALSokE/0O5HhTUvWIbD3YdjME8JwvSCnNGBnTThKGEB91OZhzrJ4qIIxk/SBmyDDA==}
    engines: {node: '>=12'}
    cpu: [riscv64]
    os: [linux]

  '@esbuild/linux-s390x@0.21.5':
    resolution: {integrity: sha512-zus5sxzqBJD3eXxwvjN1yQkRepANgxE9lgOW2qLnmr8ikMTphkjgXu1HR01K4FJg8h1kEEDAqDcZQtbrRnB41A==}
    engines: {node: '>=12'}
    cpu: [s390x]
    os: [linux]

  '@esbuild/linux-x64@0.21.5':
    resolution: {integrity: sha512-1rYdTpyv03iycF1+BhzrzQJCdOuAOtaqHTWJZCWvijKD2N5Xu0TtVC8/+1faWqcP9iBCWOmjmhoH94dH82BxPQ==}
    engines: {node: '>=12'}
    cpu: [x64]
    os: [linux]

  '@esbuild/netbsd-x64@0.21.5':
    resolution: {integrity: sha512-Woi2MXzXjMULccIwMnLciyZH4nCIMpWQAs049KEeMvOcNADVxo0UBIQPfSmxB3CWKedngg7sWZdLvLczpe0tLg==}
    engines: {node: '>=12'}
    cpu: [x64]
    os: [netbsd]

  '@esbuild/openbsd-x64@0.21.5':
    resolution: {integrity: sha512-HLNNw99xsvx12lFBUwoT8EVCsSvRNDVxNpjZ7bPn947b8gJPzeHWyNVhFsaerc0n3TsbOINvRP2byTZ5LKezow==}
    engines: {node: '>=12'}
    cpu: [x64]
    os: [openbsd]

  '@esbuild/sunos-x64@0.21.5':
    resolution: {integrity: sha512-6+gjmFpfy0BHU5Tpptkuh8+uw3mnrvgs+dSPQXQOv3ekbordwnzTVEb4qnIvQcYXq6gzkyTnoZ9dZG+D4garKg==}
    engines: {node: '>=12'}
    cpu: [x64]
    os: [sunos]

  '@esbuild/win32-arm64@0.21.5':
    resolution: {integrity: sha512-Z0gOTd75VvXqyq7nsl93zwahcTROgqvuAcYDUr+vOv8uHhNSKROyU961kgtCD1e95IqPKSQKH7tBTslnS3tA8A==}
    engines: {node: '>=12'}
    cpu: [arm64]
    os: [win32]

  '@esbuild/win32-ia32@0.21.5':
    resolution: {integrity: sha512-SWXFF1CL2RVNMaVs+BBClwtfZSvDgtL//G/smwAc5oVK/UPu2Gu9tIaRgFmYFFKrmg3SyAjSrElf0TiJ1v8fYA==}
    engines: {node: '>=12'}
    cpu: [ia32]
    os: [win32]

  '@esbuild/win32-x64@0.21.5':
    resolution: {integrity: sha512-tQd/1efJuzPC6rCFwEvLtci/xNFcTZknmXs98FYDfGE4wP9ClFV98nyKrzJKVPMhdDnjzLhdUyMX4PsQAPjwIw==}
    engines: {node: '>=12'}
    cpu: [x64]
    os: [win32]

  '@rollup/rollup-android-arm-eabi@4.22.2':
    resolution: {integrity: sha512-8Ao+EDmTPjZ1ZBABc1ohN7Ylx7UIYcjReZinigedTOnGFhIctyGPxY2II+hJ6gD2/vkDKZTyQ0e7++kwv6wDrw==}
    cpu: [arm]
    os: [android]

  '@rollup/rollup-android-arm64@4.22.2':
    resolution: {integrity: sha512-I+B1v0a4iqdS9DvYt1RJZ3W+Oh9EVWjbY6gp79aAYipIbxSLEoQtFQlZEnUuwhDXCqMxJ3hluxKAdPD+GiluFQ==}
    cpu: [arm64]
    os: [android]

  '@rollup/rollup-darwin-arm64@4.22.2':
    resolution: {integrity: sha512-BTHO7rR+LC67OP7I8N8GvdvnQqzFujJYWo7qCQ8fGdQcb8Gn6EQY+K1P+daQLnDCuWKbZ+gHAQZuKiQkXkqIYg==}
    cpu: [arm64]
    os: [darwin]

  '@rollup/rollup-darwin-x64@4.22.2':
    resolution: {integrity: sha512-1esGwDNFe2lov4I6GsEeYaAMHwkqk0IbuGH7gXGdBmd/EP9QddJJvTtTF/jv+7R8ZTYPqwcdLpMTxK8ytP6k6Q==}
    cpu: [x64]
    os: [darwin]

  '@rollup/rollup-linux-arm-gnueabihf@4.22.2':
    resolution: {integrity: sha512-GBHuY07x96OTEM3OQLNaUSUwrOhdMea/LDmlFHi/HMonrgF6jcFrrFFwJhhe84XtA1oK/Qh4yFS+VMREf6dobg==}
    cpu: [arm]
    os: [linux]

  '@rollup/rollup-linux-arm-musleabihf@4.22.2':
    resolution: {integrity: sha512-Dbfa9Sc1G1lWxop0gNguXOfGhaXQWAGhZUcqA0Vs6CnJq8JW/YOw/KvyGtQFmz4yDr0H4v9X248SM7bizYj4yQ==}
    cpu: [arm]
    os: [linux]

  '@rollup/rollup-linux-arm64-gnu@4.22.2':
    resolution: {integrity: sha512-Z1YpgBvFYhZIyBW5BoopwSg+t7yqEhs5HCei4JbsaXnhz/eZehT18DaXl957aaE9QK7TRGFryCAtStZywcQe1A==}
    cpu: [arm64]
    os: [linux]

  '@rollup/rollup-linux-arm64-musl@4.22.2':
    resolution: {integrity: sha512-66Zszr7i/JaQ0u/lefcfaAw16wh3oT72vSqubIMQqWzOg85bGCPhoeykG/cC5uvMzH80DQa2L539IqKht6twVA==}
    cpu: [arm64]
    os: [linux]

  '@rollup/rollup-linux-powerpc64le-gnu@4.22.2':
    resolution: {integrity: sha512-HpJCMnlMTfEhwo19bajvdraQMcAq3FX08QDx3OfQgb+414xZhKNf3jNvLFYKbbDSGBBrQh5yNwWZrdK0g0pokg==}
    cpu: [ppc64]
    os: [linux]

  '@rollup/rollup-linux-riscv64-gnu@4.22.2':
    resolution: {integrity: sha512-/egzQzbOSRef2vYCINKITGrlwkzP7uXRnL+xU2j75kDVp3iPdcF0TIlfwTRF8woBZllhk3QaxNOEj2Ogh3t9hg==}
    cpu: [riscv64]
    os: [linux]

  '@rollup/rollup-linux-s390x-gnu@4.22.2':
    resolution: {integrity: sha512-qgYbOEbrPfEkH/OnUJd1/q4s89FvNJQIUldx8X2F/UM5sEbtkqZpf2s0yly2jSCKr1zUUOY1hnTP2J1WOzMAdA==}
    cpu: [s390x]
    os: [linux]

  '@rollup/rollup-linux-x64-gnu@4.22.2':
    resolution: {integrity: sha512-a0lkvNhFLhf+w7A95XeBqGQaG0KfS3hPFJnz1uraSdUe/XImkp/Psq0Ca0/UdD5IEAGoENVmnYrzSC9Y2a2uKQ==}
    cpu: [x64]
    os: [linux]

  '@rollup/rollup-linux-x64-musl@4.22.2':
    resolution: {integrity: sha512-sSWBVZgzwtsuG9Dxi9kjYOUu/wKW+jrbzj4Cclabqnfkot8Z3VEHcIgyenA3lLn/Fu11uDviWjhctulkhEO60g==}
    cpu: [x64]
    os: [linux]

  '@rollup/rollup-win32-arm64-msvc@4.22.2':
    resolution: {integrity: sha512-t/YgCbZ638R/r7IKb9yCM6nAek1RUvyNdfU0SHMDLOf6GFe/VG1wdiUAsxTWHKqjyzkRGg897ZfCpdo1bsCSsA==}
    cpu: [arm64]
    os: [win32]

  '@rollup/rollup-win32-ia32-msvc@4.22.2':
    resolution: {integrity: sha512-kTmX5uGs3WYOA+gYDgI6ITkZng9SP71FEMoHNkn+cnmb9Zuyyay8pf0oO5twtTwSjNGy1jlaWooTIr+Dw4tIbw==}
    cpu: [ia32]
    os: [win32]

  '@rollup/rollup-win32-x64-msvc@4.22.2':
    resolution: {integrity: sha512-Yy8So+SoRz8I3NS4Bjh91BICPOSVgdompTIPYTByUqU66AXSIOgmW3Lv1ke3NORPqxdF+RdrZET+8vYai6f4aA==}
    cpu: [x64]
    os: [win32]

  '@types/estree@1.0.5':
    resolution: {integrity: sha512-/kYRxGDLWzHOB7q+wtSUQlFrtcdUccpfy+X+9iMBpHK8QLLhx2wIPYuS5DYtR9Wa/YlZAbIovy7qVdB1Aq6Lyw==}

  buffer-builder@0.2.0:
    resolution: {integrity: sha512-7VPMEPuYznPSoR21NE1zvd2Xna6c/CloiZCfcMXR1Jny6PjX0N4Nsa38zcBFo/FMK+BlA+FLKbJCQ0i2yxp+Xg==}

  colorjs.io@0.5.2:
    resolution: {integrity: sha512-twmVoizEW7ylZSN32OgKdXRmo1qg+wT5/6C3xu5b9QsWzSFAhHLn2xd8ro0diCsKfCj1RdaTP/nrcW+vAoQPIw==}

  esbuild@0.21.5:
    resolution: {integrity: sha512-mg3OPMV4hXywwpoDxu3Qda5xCKQi+vCTZq8S9J/EpkhB2HzKXq4SNFZE3+NK93JYxc8VMSep+lOUSC/RVKaBqw==}
    engines: {node: '>=12'}
    hasBin: true

  fsevents@2.3.3:
    resolution: {integrity: sha512-5xoDfX+fL7faATnagmWPpbFtwh/R77WmMMqqHGS65C3vvB0YHrgF+B1YmZ3441tMj5n63k0212XNoJwzlhffQw==}
    engines: {node: ^8.16.0 || ^10.6.0 || >=11.0.0}
    os: [darwin]

  has-flag@4.0.0:
    resolution: {integrity: sha512-EykJT/Q1KjTWctppgIAgfSO0tKVuZUjhgMr17kqTumMl6Afv3EISleU7qZUzoXDFTAHTDC4NOoG/ZxU3EvlMPQ==}
    engines: {node: '>=8'}

  highlight.js@11.10.0:
    resolution: {integrity: sha512-SYVnVFswQER+zu1laSya563s+F8VDGt7o35d4utbamowvUNLLMovFqwCLSocpZTz3MgaSRA1IbqRWZv97dtErQ==}
    engines: {node: '>=12.0.0'}

  immutable@4.3.7:
    resolution: {integrity: sha512-1hqclzwYwjRDFLjcFxOM5AYkkG0rpFPpr1RLPMEuGczoS7YA8gLhy8SWXYRAA/XwfEHpfo3cw5JGioS32fnMRw==}

  nanoid@3.3.7:
    resolution: {integrity: sha512-eSRppjcPIatRIMC1U6UngP8XFcz8MQWGQdt1MTBQ7NaAmvXDfvNxbvWV3x2y6CdEUciCSsDHDQZbhYaB8QEo2g==}
    engines: {node: ^10 || ^12 || ^13.7 || ^14 || >=15.0.1}
    hasBin: true

  picocolors@1.1.0:
    resolution: {integrity: sha512-TQ92mBOW0l3LeMeyLV6mzy/kWr8lkd/hp3mTg7wYK7zJhuBStmGMBG0BdeDZS/dZx1IukaX6Bk11zcln25o1Aw==}

  postcss@8.4.47:
    resolution: {integrity: sha512-56rxCq7G/XfB4EkXq9Egn5GCqugWvDFjafDOThIdMBsI15iqPqR5r15TfSr1YPYeEI19YeaXMCbY6u88Y76GLQ==}
    engines: {node: ^10 || ^12 || >=14}

  rollup@4.22.2:
    resolution: {integrity: sha512-JWWpTrZmqQGQWt16xvNn6KVIUz16VtZwl984TKw0dfqqRpFwtLJYYk1/4BTgplndMQKWUk/yB4uOShYmMzA2Vg==}
    engines: {node: '>=18.0.0', npm: '>=8.0.0'}
    hasBin: true

  rxjs@7.8.1:
    resolution: {integrity: sha512-AA3TVj+0A2iuIoQkWEK/tqFjBq2j+6PO6Y0zJcvzLAFhEFIO3HL0vls9hWLncZbAAbK0mar7oZ4V079I/qPMxg==}

  sass-embedded-android-arm64@1.79.3:
    resolution: {integrity: sha512-Wqm/WKHIDQl7w7eIQRO/GQ7EXfnwNpipCyJL7Xtb15vSAV64J4/0D/esy6GOPlVG+qcu8/XN8NV7Bf5wZ2ExUw==}
    engines: {node: '>=14.0.0'}
    cpu: [arm64]
    os: [android]

  sass-embedded-android-arm@1.79.3:
    resolution: {integrity: sha512-rrdaVDkKBLUqzdqlBFamUbeuLG+8r/QLXHIgz4qPhIDqceJH6ds0Vzrae9Ef6DhYfMatOg2xiScdatwQ8Yl/hA==}
    engines: {node: '>=14.0.0'}
    cpu: [arm]
    os: [android]

  sass-embedded-android-ia32@1.79.3:
    resolution: {integrity: sha512-6rDmH0O7hjBP04/xBAFzSYYMU/7MrQYCak4541BZIbIfa2uw0x/8+mB7lZjdgFsBrFjcpdVCPhZPUE6Y50c00A==}
    engines: {node: '>=14.0.0'}
    cpu: [ia32]
    os: [android]

  sass-embedded-android-riscv64@1.79.3:
    resolution: {integrity: sha512-B/PgB0AfTCvOlF1g89raJTwTXIUQUM3OXDWqEKIlJEZM1Yao91i8ZkyrFkDMzT4G5sETy4o8pgK+qE9+7bFlug==}
    engines: {node: '>=14.0.0'}
    cpu: [riscv64]
    os: [android]

  sass-embedded-android-x64@1.79.3:
    resolution: {integrity: sha512-a5cpo9Yw4xnX32Uo3WfMZLaTVnI/h2n7U3K3eTygyj707yhGkUB0i+qxldzCw8MmKivIu9irG6O4kmnRjW6f7g==}
    engines: {node: '>=14.0.0'}
    cpu: [x64]
    os: [android]

  sass-embedded-darwin-arm64@1.79.3:
    resolution: {integrity: sha512-imafD0nlVz5FJhqBqxUbG5rK4E3cu1GxhMZ5VhKm0k4t5jFQo+3OjN7sHT4Ee2Mk1g8sjr5dtq5enDU4fs6lXA==}
    engines: {node: '>=14.0.0'}
    cpu: [arm64]
    os: [darwin]

  sass-embedded-darwin-x64@1.79.3:
    resolution: {integrity: sha512-pjciT1FcMUMA4rWdpyZYSwMOvxk5JP7R6vy7TzvqkUEqXxP9FTflYnAiwgYUDVTpngHHqRxTjdyW+e+h2L9dHw==}
    engines: {node: '>=14.0.0'}
    cpu: [x64]
    os: [darwin]

  sass-embedded-linux-arm64@1.79.3:
    resolution: {integrity: sha512-ODo8ghwk6KHxchgwxq4CwgfYwWdreEbsQoukeEgRKxHcuLB9XF6tol9pGlfrc8sYox48Vp5WDCZuzgoo6rJ6tg==}
    engines: {node: '>=14.0.0'}
    cpu: [arm64]
    os: [linux]

  sass-embedded-linux-arm@1.79.3:
    resolution: {integrity: sha512-n0bDtzABPE5YaL9wSLxNPiQMl1zArsGblHJyED6fEHz41m+OkCTopfO8IVjcf+MBrK/j11gonxiIGWO+fNOxvg==}
    engines: {node: '>=14.0.0'}
    cpu: [arm]
    os: [linux]

  sass-embedded-linux-ia32@1.79.3:
    resolution: {integrity: sha512-oC3rUyIE6mEm2etsc4CuNu6IVmB6CoSM4KsubxzCD3S37QFXq8wYbI0t9iiDdTkKb5Iu+vUyhn+tYJRVHg0tvw==}
    engines: {node: '>=14.0.0'}
    cpu: [ia32]
    os: [linux]

  sass-embedded-linux-musl-arm64@1.79.3:
    resolution: {integrity: sha512-Q9/5lsrK/JnQci3DwxZ9PGIIrRxuo/bySv+gbyVp8Kb7gdkZcEsY7HkxaBJfwVEwpZSGAyCviyZDHDMILjliOw==}
    engines: {node: '>=14.0.0'}
    cpu: [arm64]
    os: [linux]

  sass-embedded-linux-musl-arm@1.79.3:
    resolution: {integrity: sha512-TOUYMtDs9xoMsJSEEr7NjtcVCqVpg1eSOQHXXruJ1kiYfxwmHrCYTjTLoefbZ29mWqIq8NUaXJG4rZNDK6NzRA==}
    engines: {node: '>=14.0.0'}
    cpu: [arm]
    os: [linux]

  sass-embedded-linux-musl-ia32@1.79.3:
    resolution: {integrity: sha512-T2uERh3gs9eWUzdkDadPuYbelQJQLZyX8myutUd4fxyrQ7ToQRBwcMoynEjl48DBHnM0oRiJUHrV9uFuJ+fmRA==}
    engines: {node: '>=14.0.0'}
    cpu: [ia32]
    os: [linux]

  sass-embedded-linux-musl-riscv64@1.79.3:
    resolution: {integrity: sha512-XTuYtTBPFeEjydS2GsIUkMztzXIiz13noknE7m1yAbVxOchu9jD9FCLAdK9pVPPki+9BiLSxsutYwOcQn8atqQ==}
    engines: {node: '>=14.0.0'}
    cpu: [riscv64]
    os: [linux]

  sass-embedded-linux-musl-x64@1.79.3:
    resolution: {integrity: sha512-gDHfaPlxT/XQTMbfb2y+U6zDMuI8pfapVXTYlUrgYhKH2KoICclIvahhjFii5i5+1dHpfGzjgYKBqI3nvZsYFg==}
    engines: {node: '>=14.0.0'}
    cpu: [x64]
    os: [linux]

  sass-embedded-linux-riscv64@1.79.3:
    resolution: {integrity: sha512-NONTa//1ZfxA87+Zjp3rabL+Z9gM67FJBdktRKXXMBAce5i8eCj/eqJGUOGPjYxtvxtQw77cex0qMr9SZnX6ww==}
    engines: {node: '>=14.0.0'}
    cpu: [riscv64]
    os: [linux]

  sass-embedded-linux-x64@1.79.3:
    resolution: {integrity: sha512-drlUqMMw222+f/T5sNrIAv+z0vQwLkO4zAlDmf4biLdWIloPP/3plTodAkMyfagNcvA8jG2jN414pJXBI3zK6w==}
    engines: {node: '>=14.0.0'}
    cpu: [x64]
    os: [linux]

  sass-embedded-win32-arm64@1.79.3:
    resolution: {integrity: sha512-gYz0IUb0fLkHUbhq+HR52wvQfG75Zu1s48/v48TqC+b04H/01k2eiawp/Ec1f+lhpIL/pr5+n5jWR6CjkxPdnQ==}
    engines: {node: '>=14.0.0'}
    cpu: [arm64]
    os: [win32]

  sass-embedded-win32-ia32@1.79.3:
    resolution: {integrity: sha512-fbDTyzbqRc+xCWZ+YHSDt2WvGk5PW2K0SjyHuwes/Fls1+wdO4iHIukE/pD+HSWytYrtCqhe7EFq5Ug5HxGTLg==}
    engines: {node: '>=14.0.0'}
    cpu: [ia32]
    os: [win32]

  sass-embedded-win32-x64@1.79.3:
    resolution: {integrity: sha512-vvfr6wyCaHvdQbGS8UkYab6DXc1FKJRYFT5aFE3QTVqbzCqmJ5tf80E4+gvB99nljLtMjwKR1d332iWI9KDLhw==}
    engines: {node: '>=14.0.0'}
    cpu: [x64]
    os: [win32]

  sass-embedded@1.79.3:
    resolution: {integrity: sha512-zUve2qCn6uSOMZnZazLzrDWq//OQWFle5G45vJjv3B/ADIA3TXVgqHqN3u7D2vGajOGREz0HN5nhliSoKmQqZA==}
    engines: {node: '>=16.0.0'}
    hasBin: true

  source-map-js@1.2.1:
    resolution: {integrity: sha512-UXWMKhLOwVKb728IUtQPXxfYU+usdybtUrK/8uGE8CQMvrhOpwvzDBwj0QhSL7MQc7vIsISBG8VQ8+IDQxpfQA==}
    engines: {node: '>=0.10.0'}

  supports-color@8.1.1:
    resolution: {integrity: sha512-MpUEN2OodtUzxvKQl72cUF7RQ5EiHsGvSsVG0ia9c5RbWGL2CI4C7EpPS8UTBIplnlzZiNuV56w+FuNxy3ty2Q==}
    engines: {node: '>=10'}

  tslib@2.7.0:
    resolution: {integrity: sha512-gLXCKdN1/j47AiHiOkJN69hJmcbGTHI0ImLmbYLHykhgeN0jVGola9yVjFgzCUklsZQMW55o+dW7IXv3RCXDzA==}

  typescript@5.6.2:
    resolution: {integrity: sha512-NW8ByodCSNCwZeghjN3o+JX5OFH0Ojg6sadjEKY4huZ52TqbJTJnDo5+Tw98lSy63NZvi4n+ez5m2u5d4PkZyw==}
    engines: {node: '>=14.17'}
    hasBin: true

  varint@6.0.0:
    resolution: {integrity: sha512-cXEIW6cfr15lFv563k4GuVuW/fiwjknytD37jIOLSdSWuOI6WnO/oKwmP2FQTU2l01LP8/M5TSAJpzUaGe3uWg==}

  vite@5.4.7:
    resolution: {integrity: sha512-5l2zxqMEPVENgvzTuBpHer2awaetimj2BGkhBPdnwKbPNOlHsODU+oiazEZzLK7KhAnOrO+XGYJYn4ZlUhDtDQ==}
    engines: {node: ^18.0.0 || >=20.0.0}
    hasBin: true
    peerDependencies:
      '@types/node': ^18.0.0 || >=20.0.0
      less: '*'
      lightningcss: ^1.21.0
      sass: '*'
      sass-embedded: '*'
      stylus: '*'
      sugarss: '*'
      terser: ^5.4.0
    peerDependenciesMeta:
      '@types/node':
        optional: true
      less:
        optional: true
      lightningcss:
        optional: true
      sass:
        optional: true
      sass-embedded:
        optional: true
      stylus:
        optional: true
      sugarss:
        optional: true
      terser:
        optional: true

snapshots:

  '@bufbuild/protobuf@2.1.0': {}

  '@esbuild/aix-ppc64@0.21.5':
    optional: true

  '@esbuild/android-arm64@0.21.5':
    optional: true

  '@esbuild/android-arm@0.21.5':
    optional: true

  '@esbuild/android-x64@0.21.5':
    optional: true

  '@esbuild/darwin-arm64@0.21.5':
    optional: true

  '@esbuild/darwin-x64@0.21.5':
    optional: true

  '@esbuild/freebsd-arm64@0.21.5':
    optional: true

  '@esbuild/freebsd-x64@0.21.5':
    optional: true

  '@esbuild/linux-arm64@0.21.5':
    optional: true

  '@esbuild/linux-arm@0.21.5':
    optional: true

  '@esbuild/linux-ia32@0.21.5':
    optional: true

  '@esbuild/linux-loong64@0.21.5':
    optional: true

  '@esbuild/linux-mips64el@0.21.5':
    optional: true

  '@esbuild/linux-ppc64@0.21.5':
    optional: true

  '@esbuild/linux-riscv64@0.21.5':
    optional: true

  '@esbuild/linux-s390x@0.21.5':
    optional: true

  '@esbuild/linux-x64@0.21.5':
    optional: true

  '@esbuild/netbsd-x64@0.21.5':
    optional: true

  '@esbuild/openbsd-x64@0.21.5':
    optional: true

  '@esbuild/sunos-x64@0.21.5':
    optional: true

  '@esbuild/win32-arm64@0.21.5':
    optional: true

  '@esbuild/win32-ia32@0.21.5':
    optional: true

  '@esbuild/win32-x64@0.21.5':
    optional: true

  '@rollup/rollup-android-arm-eabi@4.22.2':
    optional: true

  '@rollup/rollup-android-arm64@4.22.2':
    optional: true

  '@rollup/rollup-darwin-arm64@4.22.2':
    optional: true

  '@rollup/rollup-darwin-x64@4.22.2':
    optional: true

  '@rollup/rollup-linux-arm-gnueabihf@4.22.2':
    optional: true

  '@rollup/rollup-linux-arm-musleabihf@4.22.2':
    optional: true

  '@rollup/rollup-linux-arm64-gnu@4.22.2':
    optional: true

  '@rollup/rollup-linux-arm64-musl@4.22.2':
    optional: true

  '@rollup/rollup-linux-powerpc64le-gnu@4.22.2':
    optional: true

  '@rollup/rollup-linux-riscv64-gnu@4.22.2':
    optional: true

  '@rollup/rollup-linux-s390x-gnu@4.22.2':
    optional: true

  '@rollup/rollup-linux-x64-gnu@4.22.2':
    optional: true

  '@rollup/rollup-linux-x64-musl@4.22.2':
    optional: true

  '@rollup/rollup-win32-arm64-msvc@4.22.2':
    optional: true

  '@rollup/rollup-win32-ia32-msvc@4.22.2':
    optional: true

  '@rollup/rollup-win32-x64-msvc@4.22.2':
    optional: true

  '@types/estree@1.0.5': {}

  buffer-builder@0.2.0: {}

  colorjs.io@0.5.2: {}

  esbuild@0.21.5:
    optionalDependencies:
      '@esbuild/aix-ppc64': 0.21.5
      '@esbuild/android-arm': 0.21.5
      '@esbuild/android-arm64': 0.21.5
      '@esbuild/android-x64': 0.21.5
      '@esbuild/darwin-arm64': 0.21.5
      '@esbuild/darwin-x64': 0.21.5
      '@esbuild/freebsd-arm64': 0.21.5
      '@esbuild/freebsd-x64': 0.21.5
      '@esbuild/linux-arm': 0.21.5
      '@esbuild/linux-arm64': 0.21.5
      '@esbuild/linux-ia32': 0.21.5
      '@esbuild/linux-loong64': 0.21.5
      '@esbuild/linux-mips64el': 0.21.5
      '@esbuild/linux-ppc64': 0.21.5
      '@esbuild/linux-riscv64': 0.21.5
      '@esbuild/linux-s390x': 0.21.5
      '@esbuild/linux-x64': 0.21.5
      '@esbuild/netbsd-x64': 0.21.5
      '@esbuild/openbsd-x64': 0.21.5
      '@esbuild/sunos-x64': 0.21.5
      '@esbuild/win32-arm64': 0.21.5
      '@esbuild/win32-ia32': 0.21.5
      '@esbuild/win32-x64': 0.21.5

  fsevents@2.3.3:
    optional: true

  has-flag@4.0.0: {}

  highlight.js@11.10.0: {}

  immutable@4.3.7: {}

  nanoid@3.3.7: {}

  picocolors@1.1.0: {}

  postcss@8.4.47:
    dependencies:
      nanoid: 3.3.7
      picocolors: 1.1.0
      source-map-js: 1.2.1

  rollup@4.22.2:
    dependencies:
      '@types/estree': 1.0.5
    optionalDependencies:
      '@rollup/rollup-android-arm-eabi': 4.22.2
      '@rollup/rollup-android-arm64': 4.22.2
      '@rollup/rollup-darwin-arm64': 4.22.2
      '@rollup/rollup-darwin-x64': 4.22.2
      '@rollup/rollup-linux-arm-gnueabihf': 4.22.2
      '@rollup/rollup-linux-arm-musleabihf': 4.22.2
      '@rollup/rollup-linux-arm64-gnu': 4.22.2
      '@rollup/rollup-linux-arm64-musl': 4.22.2
      '@rollup/rollup-linux-powerpc64le-gnu': 4.22.2
      '@rollup/rollup-linux-riscv64-gnu': 4.22.2
      '@rollup/rollup-linux-s390x-gnu': 4.22.2
      '@rollup/rollup-linux-x64-gnu': 4.22.2
      '@rollup/rollup-linux-x64-musl': 4.22.2
      '@rollup/rollup-win32-arm64-msvc': 4.22.2
      '@rollup/rollup-win32-ia32-msvc': 4.22.2
      '@rollup/rollup-win32-x64-msvc': 4.22.2
      fsevents: 2.3.3

  rxjs@7.8.1:
    dependencies:
      tslib: 2.7.0

  sass-embedded-android-arm64@1.79.3:
    optional: true

  sass-embedded-android-arm@1.79.3:
    optional: true

  sass-embedded-android-ia32@1.79.3:
    optional: true

  sass-embedded-android-riscv64@1.79.3:
    optional: true

  sass-embedded-android-x64@1.79.3:
    optional: true

  sass-embedded-darwin-arm64@1.79.3:
    optional: true

  sass-embedded-darwin-x64@1.79.3:
    optional: true

  sass-embedded-linux-arm64@1.79.3:
    optional: true

  sass-embedded-linux-arm@1.79.3:
    optional: true

  sass-embedded-linux-ia32@1.79.3:
    optional: true

  sass-embedded-linux-musl-arm64@1.79.3:
    optional: true

  sass-embedded-linux-musl-arm@1.79.3:
    optional: true

  sass-embedded-linux-musl-ia32@1.79.3:
    optional: true

  sass-embedded-linux-musl-riscv64@1.79.3:
    optional: true

  sass-embedded-linux-musl-x64@1.79.3:
    optional: true

  sass-embedded-linux-riscv64@1.79.3:
    optional: true

  sass-embedded-linux-x64@1.79.3:
    optional: true

  sass-embedded-win32-arm64@1.79.3:
    optional: true

  sass-embedded-win32-ia32@1.79.3:
    optional: true

  sass-embedded-win32-x64@1.79.3:
    optional: true

  sass-embedded@1.79.3:
    dependencies:
      '@bufbuild/protobuf': 2.1.0
      buffer-builder: 0.2.0
      colorjs.io: 0.5.2
      immutable: 4.3.7
      rxjs: 7.8.1
      supports-color: 8.1.1
      varint: 6.0.0
    optionalDependencies:
      sass-embedded-android-arm: 1.79.3
      sass-embedded-android-arm64: 1.79.3
      sass-embedded-android-ia32: 1.79.3
      sass-embedded-android-riscv64: 1.79.3
      sass-embedded-android-x64: 1.79.3
      sass-embedded-darwin-arm64: 1.79.3
      sass-embedded-darwin-x64: 1.79.3
      sass-embedded-linux-arm: 1.79.3
      sass-embedded-linux-arm64: 1.79.3
      sass-embedded-linux-ia32: 1.79.3
      sass-embedded-linux-musl-arm: 1.79.3
      sass-embedded-linux-musl-arm64: 1.79.3
      sass-embedded-linux-musl-ia32: 1.79.3
      sass-embedded-linux-musl-riscv64: 1.79.3
      sass-embedded-linux-musl-x64: 1.79.3
      sass-embedded-linux-riscv64: 1.79.3
      sass-embedded-linux-x64: 1.79.3
      sass-embedded-win32-arm64: 1.79.3
      sass-embedded-win32-ia32: 1.79.3
      sass-embedded-win32-x64: 1.79.3

  source-map-js@1.2.1: {}

  supports-color@8.1.1:
    dependencies:
      has-flag: 4.0.0

  tslib@2.7.0: {}

  typescript@5.6.2: {}

  varint@6.0.0: {}

  vite@5.4.7(sass-embedded@1.79.3):
    dependencies:
      esbuild: 0.21.5
      postcss: 8.4.47
      rollup: 4.22.2
    optionalDependencies:
      fsevents: 2.3.3
      sass-embedded: 1.79.3
